{
  "name": "super-productivity-cli",
  "version": "1.0.2",
  "lockfileVersion": 3,
  "requires": true,
  "packages": {
    "": {
      "name": "super-productivity-cli",
      "version": "1.0.2",
      "license": "MIT",
      "dependencies": {
        "@noble/ciphers": "^2.1.1",
        "commander": "^14.0.3",
        "hash-wasm": "^4.12.0"
      },
      "bin": {
        "sp": "dist/index.js"
      },
      "devDependencies": {
        "@types/node": "^22.0.0",
        "typescript": "^5"
      }
    },
    "node_modules/@noble/ciphers": {
      "version": "2.1.1",
      "license": "MIT",
      "engines": {
        "node": ">= 20.19.0"
      },
      "funding": {
        "url": "https://paulmillr.com/funding/"
      }
    },
    "node_modules/@types/node": {
      "version": "22.19.15",
      "dev": true,
      "license": "MIT",
      "dependencies": {
        "undici-types": "~6.21.0"
      }
    },
    "node_modules/commander": {
      "version": "14.0.3",
      "license": "MIT",
      "engines": {
        "node": ">=20"
      }
    },
    "node_modules/hash-wasm": {
      "version": "4.12.0",
      "license": "MIT"
    },
    "node_modules/typescript": {
      "version": "5.9.3",
      "dev": true,
      "license": "Apache-2.0",
      "bin": {
        "tsc": "bin/tsc",
        "tsserver": "bin/tsserver"
      },
      "engines": {
        "node": ">=14.17"
      }
    },
    "node_modules/undici-types": {
      "version": "6.21.0",
      "dev": true,
      "license": "MIT"
    }
  }
}
